# THIS IS AN AUTOGENERATED FILE. DO NOT EDIT THIS FILE DIRECTLY.
# yarn lockfile v1


js-file-download@^0.4.5:
  version "0.4.5"
  resolved "https://registry.yarnpkg.com/js-file-download/-/js-file-download-0.4.5.tgz#3cf7bf4bc2231fe2e45663b1a5f8ad3a1949fe0a"
  integrity sha512-altzTt8noT8MCJmQCQ/y3LfGRz/i7k6Z6H59bDsNd6Mq4KGK2KCxaFVdenqVTCJb6fCH/Ra1f1YDmemieAKDAg==
